// !$*UTF8*$!
{
	archiveVersion = 1;
	classes = {
	};
	objectVersion = 77;
	objects = {

/* Begin PBXBuildFile section */
		067354D52DA0BBA100F698A1 /* VideoCallIOS.xcframework in Frameworks */ = {isa = PBXBuildFile; fileRef = 067C300E2D9C3ABB0095F8FA /* VideoCallIOS.xcframework */; };
		067354D62DA0BBA100F698A1 /* VideoCallIOS.xcframework in Embed Frameworks */ = {isa = PBXBuildFile; fileRef = 067C300E2D9C3ABB0095F8FA /* VideoCallIOS.xcframework */; settings = {ATTRIBUTES = (CodeSignOnCopy, RemoveHeadersOnCopy, ); }; };
/* End PBXBuildFile section */

/* Begin PBXContainerItemProxy section */
		06A7762E2D9B9F67008E1E95 /* PBXContainerItemProxy */ = {
			isa = PBXContainerItemProxy;
			containerPortal = 06A776142D9B9F66008E1E95 /* Project object */;
			proxyType = 1;
			remoteGlobalIDString = 06A7761B2D9B9F66008E1E95;
			remoteInfo = "videocall-demo";
		};
		06A776382D9B9F67008E1E95 /* PBXContainerItemProxy */ = {
			isa = PBXContainerItemProxy;
			containerPortal = 06A776142D9B9F66008E1E95 /* Project object */;
			proxyType = 1;
			remoteGlobalIDString = 06A7761B2D9B9F66008E1E95;
			remoteInfo = "videocall-demo";
		};
/* End PBXContainerItemProxy section */

/* Begin PBXCopyFilesBuildPhase section */
		067354D72DA0BBA100F698A1 /* Embed Frameworks */ = {
			isa = PBXCopyFilesBuildPhase;
			buildActionMask = 2147483647;
			dstPath = "";
			dstSubfolderSpec = 10;
			files = (
				067354D62DA0BBA100F698A1 /* VideoCallIOS.xcframework in Embed Frameworks */,
			);
			name = "Embed Frameworks";
			runOnlyForDeploymentPostprocessing = 0;
		};
/* End PBXCopyFilesBuildPhase section */

/* Begin PBXFileReference section */
		067C300E2D9C3ABB0095F8FA /* VideoCallIOS.xcframework */ = {isa = PBXFileReference; lastKnownFileType = wrapper.xcframework; name = VideoCallIOS.xcframework; path = ../../../target/VideoCallIOS.xcframework; sourceTree = "<group>"; };
		06A7761C2D9B9F66008E1E95 /* videocall-demo.app */ = {isa = PBXFileReference; explicitFileType = wrapper.application; includeInIndex = 0; path = "videocall-demo.app"; sourceTree = BUILT_PRODUCTS_DIR; };
		06A7762D2D9B9F67008E1E95 /* videocall-demoTests.xctest */ = {isa = PBXFileReference; explicitFileType = wrapper.cfbundle; includeInIndex = 0; path = "videocall-demoTests.xctest"; sourceTree = BUILT_PRODUCTS_DIR; };
		06A776372D9B9F67008E1E95 /* videocall-demoUITests.xctest */ = {isa = PBXFileReference; explicitFileType = wrapper.cfbundle; includeInIndex = 0; path = "videocall-demoUITests.xctest"; sourceTree = BUILT_PRODUCTS_DIR; };
/* End PBXFileReference section */

/* Begin PBXFileSystemSynchronizedRootGroup section */
		06A7761E2D9B9F66008E1E95 /* videocall-demo */ = {
			isa = PBXFileSystemSynchronizedRootGroup;
			path = "videocall-demo";
			sourceTree = "<group>";
		};
		06A776302D9B9F67008E1E95 /* videocall-demoTests */ = {
			isa = PBXFileSystemSynchronizedRootGroup;
			path = "videocall-demoTests";
			sourceTree = "<group>";
		};
		06A7763A2D9B9F67008E1E95 /* videocall-demoUITests */ = {
			isa = PBXFileSystemSynchronizedRootGroup;
			path = "videocall-demoUITests";
			sourceTree = "<group>";
		};
/* End PBXFileSystemSynchronizedRootGroup section */

/* Begin PBXFrameworksBuildPhase section */
		06A776192D9B9F66008E1E95 /* Frameworks */ = {
			isa = PBXFrameworksBuildPhase;
			buildActionMask = 2147483647;
			files = (
				067354D52DA0BBA100F698A1 /* VideoCallIOS.xcframework in Frameworks */,
			);
			runOnlyForDeploymentPostprocessing = 0;
		};
		06A7762A2D9B9F67008E1E95 /* Frameworks */ = {
			isa = PBXFrameworksBuildPhase;
			buildActionMask = 2147483647;
			files = (
			);
			runOnlyForDeploymentPostprocessing = 0;
		};
		06A776342D9B9F67008E1E95 /* Frameworks */ = {
			isa = PBXFrameworksBuildPhase;
			buildActionMask = 2147483647;
			files = (
			);
			runOnlyForDeploymentPostprocessing = 0;
		};
/* End PBXFrameworksBuildPhase section */

/* Begin PBXGroup section */
		06A776132D9B9F66008E1E95 = {
			isa = PBXGroup;
			children = (
				06A7761E2D9B9F66008E1E95 /* videocall-demo */,
				06A776302D9B9F67008E1E95 /* videocall-demoTests */,
				06A7763A2D9B9F67008E1E95 /* videocall-demoUITests */,
				06A7764A2D9BA093008E1E95 /* Frameworks */,
				06A7761D2D9B9F66008E1E95 /* Products */,
			);
			sourceTree = "<group>";
		};
		06A7761D2D9B9F66008E1E95 /* Products */ = {
			isa = PBXGroup;
			children = (
				06A7761C2D9B9F66008E1E95 /* videocall-demo.app */,
				06A7762D2D9B9F67008E1E95 /* videocall-demoTests.xctest */,
				06A776372D9B9F67008E1E95 /* videocall-demoUITests.xctest */,
			);
			name = Products;
			sourceTree = "<group>";
		};
		06A7764A2D9BA093008E1E95 /* Frameworks */ = {
			isa = PBXGroup;
			children = (
				067C300E2D9C3ABB0095F8FA /* VideoCallIOS.xcframework */,
			);
			name = Frameworks;
			sourceTree = "<group>";
		};
/* End PBXGroup section */

/* Begin PBXNativeTarget section */
		06A7761B2D9B9F66008E1E95 /* videocall-demo */ = {
			isa = PBXNativeTarget;
			buildConfigurationList = 06A776412D9B9F67008E1E95 /* Build configuration list for PBXNativeTarget "videocall-demo" */;
			buildPhases = (
				06A776182D9B9F66008E1E95 /* Sources */,
				06A776192D9B9F66008E1E95 /* Frameworks */,
				06A7761A2D9B9F66008E1E95 /* Resources */,
				067354D72DA0BBA100F698A1 /* Embed Frameworks */,
			);
			buildRules = (
			);
			dependencies = (
			);
			fileSystemSynchronizedGroups = (
				06A7761E2D9B9F66008E1E95 /* videocall-demo */,
			);
			name = "videocall-demo";
			packageProductDependencies = (
			);
			productName = "videocall-demo";
			productReference = 06A7761C2D9B9F66008E1E95 /* videocall-demo.app */;
			productType = "com.apple.product-type.application";
		};
		06A7762C2D9B9F67008E1E95 /* videocall-demoTests */ = {
			isa = PBXNativeTarget;
			buildConfigurationList = 06A776442D9B9F67008E1E95 /* Build configuration list for PBXNativeTarget "videocall-demoTests" */;
			buildPhases = (
				06A776292D9B9F67008E1E95 /* Sources */,
				06A7762A2D9B9F67008E1E95 /* Frameworks */,
				06A7762B2D9B9F67008E1E95 /* Resources */,
			);
			buildRules = (
			);
			dependencies = (
				06A7762F2D9B9F67008E1E95 /* PBXTargetDependency */,
			);
			fileSystemSynchronizedGroups = (
				06A776302D9B9F67008E1E95 /* videocall-demoTests */,
			);
			name = "videocall-demoTests";
			packageProductDependencies = (
			);
			productName = "videocall-demoTests";
			productReference = 06A7762D2D9B9F67008E1E95 /* videocall-demoTests.xctest */;
			productType = "com.apple.product-type.bundle.unit-test";
		};
		06A776362D9B9F67008E1E95 /* videocall-demoUITests */ = {
			isa = PBXNativeTarget;
			buildConfigurationList = 06A776472D9B9F67008E1E95 /* Build configuration list for PBXNativeTarget "videocall-demoUITests" */;
			buildPhases = (
				06A776332D9B9F67008E1E95 /* Sources */,
				06A776342D9B9F67008E1E95 /* Frameworks */,
				06A776352D9B9F67008E1E95 /* Resources */,
			);
			buildRules = (
			);
			dependencies = (
				06A776392D9B9F67008E1E95 /* PBXTargetDependency */,
			);
			fileSystemSynchronizedGroups = (
				06A7763A2D9B9F67008E1E95 /* videocall-demoUITests */,
			);
			name = "videocall-demoUITests";
			packageProductDependencies = (
			);
			productName = "videocall-demoUITests";
			productReference = 06A776372D9B9F67008E1E95 /* videocall-demoUITests.xctest */;
			productType = "com.apple.product-type.bundle.ui-testing";
		};
/* End PBXNativeTarget section */

/* Begin PBXProject section */
		06A776142D9B9F66008E1E95 /* Project object */ = {
			isa = PBXProject;
			attributes = {
				BuildIndependentTargetsInParallel = 1;
				LastSwiftUpdateCheck = 1620;
				LastUpgradeCheck = 1620;
				TargetAttributes = {
					06A7761B2D9B9F66008E1E95 = {
						CreatedOnToolsVersion = 16.2;
					};
					06A7762C2D9B9F67008E1E95 = {
						CreatedOnToolsVersion = 16.2;
						TestTargetID = 06A7761B2D9B9F66008E1E95;
					};
					06A776362D9B9F67008E1E95 = {
						CreatedOnToolsVersion = 16.2;
						TestTargetID = 06A7761B2D9B9F66008E1E95;
					};
				};
			};
			buildConfigurationList = 06A776172D9B9F66008E1E95 /* Build configuration list for PBXProject "videocall-demo" */;
			developmentRegion = en;
			hasScannedForEncodings = 0;
			knownRegions = (
				en,
				Base,
			);
			mainGroup = 06A776132D9B9F66008E1E95;
			minimizedProjectReferenceProxies = 1;
			preferredProjectObjectVersion = 77;
			productRefGroup = 06A7761D2D9B9F66008E1E95 /* Products */;
			projectDirPath = "";
			projectRoot = "";
			targets = (
				06A7761B2D9B9F66008E1E95 /* videocall-demo */,
				06A7762C2D9B9F67008E1E95 /* videocall-demoTests */,
				06A776362D9B9F67008E1E95 /* videocall-demoUITests */,
			);
		};
/* End PBXProject section */

/* Begin PBXResourcesBuildPhase section */
		06A7761A2D9B9F66008E1E95 /* Resources */ = {
			isa = PBXResourcesBuildPhase;
			buildActionMask = 2147483647;
			files = (
			);
			runOnlyForDeploymentPostprocessing = 0;
		};
		06A7762B2D9B9F67008E1E95 /* Resources */ = {
			isa = PBXResourcesBuildPhase;
			buildActionMask = 2147483647;
			files = (
			);
			runOnlyForDeploymentPostprocessing = 0;
		};
		06A776352D9B9F67008E1E95 /* Resources */ = {
			isa = PBXResourcesBuildPhase;
			buildActionMask = 2147483647;
			files = (
			);
			runOnlyForDeploymentPostprocessing = 0;
		};
/* End PBXResourcesBuildPhase section */

/* Begin PBXSourcesBuildPhase section */
		06A776182D9B9F66008E1E95 /* Sources */ = {
			isa = PBXSourcesBuildPhase;
			buildActionMask = 2147483647;
			files = (
			);
			runOnlyForDeploymentPostprocessing = 0;
		};
		06A776292D9B9F67008E1E95 /* Sources */ = {
			isa = PBXSourcesBuildPhase;
			buildActionMask = 2147483647;
			files = (
			);
			runOnlyForDeploymentPostprocessing = 0;
		};
		06A776332D9B9F67008E1E95 /* Sources */ = {
			isa = PBXSourcesBuildPhase;
			buildActionMask = 2147483647;
			files = (
			);
			runOnlyForDeploymentPostprocessing = 0;
		};
/* End PBXSourcesBuildPhase section */

/* Begin PBXTargetDependency section */
		06A7762F2D9B9F67008E1E95 /* PBXTargetDependency */ = {
			isa = PBXTargetDependency;
			target = 06A7761B2D9B9F66008E1E95 /* videocall-demo */;
			targetProxy = 06A7762E2D9B9F67008E1E95 /* PBXContainerItemProxy */;
		};
		06A776392D9B9F67008E1E95 /* PBXTargetDependency */ = {
			isa = PBXTargetDependency;
			target = 06A7761B2D9B9F66008E1E95 /* videocall-demo */;
			targetProxy = 06A776382D9B9F67008E1E95 /* PBXContainerItemProxy */;
		};
/* End PBXTargetDependency section */

/* Begin XCBuildConfiguration section */
		06A7763F2D9B9F67008E1E95 /* Debug */ = {
			isa = XCBuildConfiguration;
			buildSettings = {
				ALWAYS_SEARCH_USER_PATHS = NO;
				ASSETCATALOG_COMPILER_GENERATE_SWIFT_ASSET_SYMBOL_EXTENSIONS = YES;
				CLANG_ANALYZER_NONNULL = YES;
				CLANG_ANALYZER_NUMBER_OBJECT_CONVERSION = YES_AGGRESSIVE;
				CLANG_CXX_LANGUAGE_STANDARD = "gnu++20";
				CLANG_ENABLE_MODULES = YES;
				CLANG_ENABLE_OBJC_ARC = YES;
				CLANG_ENABLE_OBJC_WEAK = YES;
				CLANG_WARN_BLOCK_CAPTURE_AUTORELEASING = YES;
				CLANG_WARN_BOOL_CONVERSION = YES;
				CLANG_WARN_COMMA = YES;
				CLANG_WARN_CONSTANT_CONVERSION = YES;
				CLANG_WARN_DEPRECATED_OBJC_IMPLEMENTATIONS = YES;
				CLANG_WARN_DIRECT_OBJC_ISA_USAGE = YES_ERROR;
				CLANG_WARN_DOCUMENTATION_COMMENTS = YES;
				CLANG_WARN_EMPTY_BODY = YES;
				CLANG_WARN_ENUM_CONVERSION = YES;
				CLANG_WARN_INFINITE_RECURSION = YES;
				CLANG_WARN_INT_CONVERSION = YES;
				CLANG_WARN_NON_LITERAL_NULL_CONVERSION = YES;
				CLANG_WARN_OBJC_IMPLICIT_RETAIN_SELF = YES;
				CLANG_WARN_OBJC_LITERAL_CONVERSION = YES;
				CLANG_WARN_OBJC_ROOT_CLASS = YES_ERROR;
				CLANG_WARN_QUOTED_INCLUDE_IN_FRAMEWORK_HEADER = YES;
				CLANG_WARN_RANGE_LOOP_ANALYSIS = YES;
				CLANG_WARN_STRICT_PROTOTYPES = YES;
				CLANG_WARN_SUSPICIOUS_MOVE = YES;
				CLANG_WARN_UNGUARDED_AVAILABILITY = YES_AGGRESSIVE;
				CLANG_WARN_UNREACHABLE_CODE = YES;
				CLANG_WARN__DUPLICATE_METHOD_MATCH = YES;
				COPY_PHASE_STRIP = NO;
				DEBUG_INFORMATION_FORMAT = dwarf;
				ENABLE_STRICT_OBJC_MSGSEND = YES;
				ENABLE_TESTABILITY = YES;
				ENABLE_USER_SCRIPT_SANDBOXING = YES;
				GCC_C_LANGUAGE_STANDARD = gnu17;
				GCC_DYNAMIC_NO_PIC = NO;
				GCC_NO_COMMON_BLOCKS = YES;
				GCC_OPTIMIZATION_LEVEL = 0;
				GCC_PREPROCESSOR_DEFINITIONS = (
					"DEBUG=1",
					"$(inherited)",
				);
				GCC_WARN_64_TO_32_BIT_CONVERSION = YES;
				GCC_WARN_ABOUT_RETURN_TYPE = YES_ERROR;
				GCC_WARN_UNDECLARED_SELECTOR = YES;
				GCC_WARN_UNINITIALIZED_AUTOS = YES_AGGRESSIVE;
				GCC_WARN_UNUSED_FUNCTION = YES;
				GCC_WARN_UNUSED_VARIABLE = YES;
				LOCALIZATION_PREFERS_STRING_CATALOGS = YES;
				MTL_ENABLE_DEBUG_INFO = INCLUDE_SOURCE;
				MTL_FAST_MATH = YES;
				ONLY_ACTIVE_ARCH = YES;
				SWIFT_ACTIVE_COMPILATION_CONDITIONS = "DEBUG $(inherited)";
				SWIFT_OPTIMIZATION_LEVEL = "-Onone";
			};
			name = Debug;
		};
		06A776402D9B9F67008E1E95 /* Release */ = {
			isa = XCBuildConfiguration;
			buildSettings = {
				ALWAYS_SEARCH_USER_PATHS = NO;
				ASSETCATALOG_COMPILER_GENERATE_SWIFT_ASSET_SYMBOL_EXTENSIONS = YES;
				CLANG_ANALYZER_NONNULL = YES;
				CLANG_ANALYZER_NUMBER_OBJECT_CONVERSION = YES_AGGRESSIVE;
				CLANG_CXX_LANGUAGE_STANDARD = "gnu++20";
				CLANG_ENABLE_MODULES = YES;
				CLANG_ENABLE_OBJC_ARC = YES;
				CLANG_ENABLE_OBJC_WEAK = YES;
				CLANG_WARN_BLOCK_CAPTURE_AUTORELEASING = YES;
				CLANG_WARN_BOOL_CONVERSION = YES;
				CLANG_WARN_COMMA = YES;
				CLANG_WARN_CONSTANT_CONVERSION = YES;
				CLANG_WARN_DEPRECATED_OBJC_IMPLEMENTATIONS = YES;
				CLANG_WARN_DIRECT_OBJC_ISA_USAGE = YES_ERROR;
				CLANG_WARN_DOCUMENTATION_COMMENTS = YES;
				CLANG_WARN_EMPTY_BODY = YES;
				CLANG_WARN_ENUM_CONVERSION = YES;
				CLANG_WARN_INFINITE_RECURSION = YES;
				CLANG_WARN_INT_CONVERSION = YES;
				CLANG_WARN_NON_LITERAL_NULL_CONVERSION = YES;
				CLANG_WARN_OBJC_IMPLICIT_RETAIN_SELF = YES;
				CLANG_WARN_OBJC_LITERAL_CONVERSION = YES;
				CLANG_WARN_OBJC_ROOT_CLASS = YES_ERROR;
				CLANG_WARN_QUOTED_INCLUDE_IN_FRAMEWORK_HEADER = YES;
				CLANG_WARN_RANGE_LOOP_ANALYSIS = YES;
				CLANG_WARN_STRICT_PROTOTYPES = YES;
				CLANG_WARN_SUSPICIOUS_MOVE = YES;
				CLANG_WARN_UNGUARDED_AVAILABILITY = YES_AGGRESSIVE;
				CLANG_WARN_UNREACHABLE_CODE = YES;
				CLANG_WARN__DUPLICATE_METHOD_MATCH = YES;
				COPY_PHASE_STRIP = NO;
				DEBUG_INFORMATION_FORMAT = "dwarf-with-dsym";
				ENABLE_NS_ASSERTIONS = NO;
				ENABLE_STRICT_OBJC_MSGSEND = YES;
				ENABLE_USER_SCRIPT_SANDBOXING = YES;
				GCC_C_LANGUAGE_STANDARD = gnu17;
				GCC_NO_COMMON_BLOCKS = YES;
				GCC_WARN_64_TO_32_BIT_CONVERSION = YES;
				GCC_WARN_ABOUT_RETURN_TYPE = YES_ERROR;
				GCC_WARN_UNDECLARED_SELECTOR = YES;
				GCC_WARN_UNINITIALIZED_AUTOS = YES_AGGRESSIVE;
				GCC_WARN_UNUSED_FUNCTION = YES;
				GCC_WARN_UNUSED_VARIABLE = YES;
				LOCALIZATION_PREFERS_STRING_CATALOGS = YES;
				MTL_ENABLE_DEBUG_INFO = NO;
				MTL_FAST_MATH = YES;
				SWIFT_COMPILATION_MODE = wholemodule;
			};
			name = Release;
		};
		06A776422D9B9F67008E1E95 /* Debug */ = {
			isa = XCBuildConfiguration;
			buildSettings = {
				ASSETCATALOG_COMPILER_APPICON_NAME = AppIcon;
				ASSETCATALOG_COMPILER_GLOBAL_ACCENT_COLOR_NAME = AccentColor;
				CODE_SIGN_ENTITLEMENTS = "videocall-demo/videocall-demoDebug.entitlements";
				"CODE_SIGN_IDENTITY[sdk=macosx*]" = "Apple Development";
				CODE_SIGN_STYLE = Automatic;
				CURRENT_PROJECT_VERSION = 1;
				DEVELOPMENT_ASSET_PATHS = "\"videocall-demo/Preview Content\"";
				DEVELOPMENT_TEAM = J5A8XNQSV9;
				ENABLE_HARDENED_RUNTIME = YES;
				ENABLE_PREVIEWS = YES;
				GENERATE_INFOPLIST_FILE = YES;
				"INFOPLIST_KEY_UIApplicationSceneManifest_Generation[sdk=iphoneos*]" = YES;
				"INFOPLIST_KEY_UIApplicationSceneManifest_Generation[sdk=iphonesimulator*]" = YES;
				"INFOPLIST_KEY_UIApplicationSupportsIndirectInputEvents[sdk=iphoneos*]" = YES;
				"INFOPLIST_KEY_UIApplicationSupportsIndirectInputEvents[sdk=iphonesimulator*]" = YES;
				"INFOPLIST_KEY_UILaunchScreen_Generation[sdk=iphoneos*]" = YES;
				"INFOPLIST_KEY_UILaunchScreen_Generation[sdk=iphonesimulator*]" = YES;
				"INFOPLIST_KEY_UIStatusBarStyle[sdk=iphoneos*]" = UIStatusBarStyleDefault;
				"INFOPLIST_KEY_UIStatusBarStyle[sdk=iphonesimulator*]" = UIStatusBarStyleDefault;
				INFOPLIST_KEY_UISupportedInterfaceOrientations_iPad = "UIInterfaceOrientationPortrait UIInterfaceOrientationPortraitUpsideDown UIInterfaceOrientationLandscapeLeft UIInterfaceOrientationLandscapeRight";
				INFOPLIST_KEY_UISupportedInterfaceOrientations_iPhone = "UIInterfaceOrientationPortrait UIInterfaceOrientationLandscapeLeft UIInterfaceOrientationLandscapeRight";
				IPHONEOS_DEPLOYMENT_TARGET = 18.2;
				LD_RUNPATH_SEARCH_PATHS = "@executable_path/Frameworks";
				"LD_RUNPATH_SEARCH_PATHS[sdk=macosx*]" = "@executable_path/../Frameworks";
				MACOSX_DEPLOYMENT_TARGET = 15.2;
				MARKETING_VERSION = 1.0;
				PRODUCT_BUNDLE_IDENTIFIER = "securityunion.videocall-demo";
				PRODUCT_NAME = "$(TARGET_NAME)";
				SDKROOT = auto;
				SUPPORTED_PLATFORMS = "iphoneos iphonesimulator";
				SUPPORTS_MACCATALYST = NO;
				SWIFT_EMIT_LOC_STRINGS = YES;
				SWIFT_VERSION = 5.0;
				TARGETED_DEVICE_FAMILY = 1;
				XROS_DEPLOYMENT_TARGET = 2.2;
			};
			name = Debug;
		};
		06A776432D9B9F67008E1E95 /* Release */ = {
			isa = XCBuildConfiguration;
			buildSettings = {
				ASSETCATALOG_COMPILER_APPICON_NAME = AppIcon;
				ASSETCATALOG_COMPILER_GLOBAL_ACCENT_COLOR_NAME = AccentColor;
				CODE_SIGN_ENTITLEMENTS = "videocall-demo/videocall_demo.entitlements";
				CODE_SIGN_STYLE = Automatic;
				CURRENT_PROJECT_VERSION = 1;
				DEVELOPMENT_ASSET_PATHS = "\"videocall-demo/Preview Content\"";
				DEVELOPMENT_TEAM = J5A8XNQSV9;
				ENABLE_HARDENED_RUNTIME = YES;
				ENABLE_PREVIEWS = YES;
				GENERATE_INFOPLIST_FILE = YES;
				"INFOPLIST_KEY_UIApplicationSceneManifest_Generation[sdk=iphoneos*]" = YES;
				"INFOPLIST_KEY_UIApplicationSceneManifest_Generation[sdk=iphonesimulator*]" = YES;
				"INFOPLIST_KEY_UIApplicationSupportsIndirectInputEvents[sdk=iphoneos*]" = YES;
				"INFOPLIST_KEY_UIApplicationSupportsIndirectInputEvents[sdk=iphonesimulator*]" = YES;
				"INFOPLIST_KEY_UILaunchScreen_Generation[sdk=iphoneos*]" = YES;
				"INFOPLIST_KEY_UILaunchScreen_Generation[sdk=iphonesimulator*]" = YES;
				"INFOPLIST_KEY_UIStatusBarStyle[sdk=iphoneos*]" = UIStatusBarStyleDefault;
				"INFOPLIST_KEY_UIStatusBarStyle[sdk=iphonesimulator*]" = UIStatusBarStyleDefault;
				INFOPLIST_KEY_UISupportedInterfaceOrientations_iPad = "UIInterfaceOrientationPortrait UIInterfaceOrientationPortraitUpsideDown UIInterfaceOrientationLandscapeLeft UIInterfaceOrientationLandscapeRight";
				INFOPLIST_KEY_UISupportedInterfaceOrientations_iPhone = "UIInterfaceOrientationPortrait UIInterfaceOrientationLandscapeLeft UIInterfaceOrientationLandscapeRight";
				IPHONEOS_DEPLOYMENT_TARGET = 18.2;
				LD_RUNPATH_SEARCH_PATHS = "@executable_path/Frameworks";
				"LD_RUNPATH_SEARCH_PATHS[sdk=macosx*]" = "@executable_path/../Frameworks";
				MACOSX_DEPLOYMENT_TARGET = 15.2;
				MARKETING_VERSION = 1.0;
				PRODUCT_BUNDLE_IDENTIFIER = "securityunion.videocall-demo";
				PRODUCT_NAME = "$(TARGET_NAME)";
				SDKROOT = auto;
				SUPPORTED_PLATFORMS = "iphoneos iphonesimulator";
				SUPPORTS_MACCATALYST = NO;
				SWIFT_EMIT_LOC_STRINGS = YES;
				SWIFT_VERSION = 5.0;
				TARGETED_DEVICE_FAMILY = 1;
				XROS_DEPLOYMENT_TARGET = 2.2;
			};
			name = Release;
		};
		06A776452D9B9F67008E1E95 /* Debug */ = {
			isa = XCBuildConfiguration;
			buildSettings = {
				BUNDLE_LOADER = "$(TEST_HOST)";
				CODE_SIGN_STYLE = Automatic;
				CURRENT_PROJECT_VERSION = 1;
				DEVELOPMENT_TEAM = J5A8XNQSV9;
				GENERATE_INFOPLIST_FILE = YES;
				IPHONEOS_DEPLOYMENT_TARGET = 18.2;
				MACOSX_DEPLOYMENT_TARGET = 15.2;
				MARKETING_VERSION = 1.0;
				PRODUCT_BUNDLE_IDENTIFIER = "securityunion.videocall-demoTests";
				PRODUCT_NAME = "$(TARGET_NAME)";
				SDKROOT = auto;
				SUPPORTED_PLATFORMS = "iphoneos iphonesimulator macosx xros xrsimulator";
				SWIFT_EMIT_LOC_STRINGS = NO;
				SWIFT_VERSION = 5.0;
				TARGETED_DEVICE_FAMILY = "1,2,7";
				TEST_HOST = "$(BUILT_PRODUCTS_DIR)/videocall-demo.app/$(BUNDLE_EXECUTABLE_FOLDER_PATH)/videocall-demo";
				XROS_DEPLOYMENT_TARGET = 2.2;
			};
			name = Debug;
		};
		06A776462D9B9F67008E1E95 /* Release */ = {
			isa = XCBuildConfiguration;
			buildSettings = {
				BUNDLE_LOADER = "$(TEST_HOST)";
				CODE_SIGN_STYLE = Automatic;
				CURRENT_PROJECT_VERSION = 1;
				DEVELOPMENT_TEAM = J5A8XNQSV9;
				GENERATE_INFOPLIST_FILE = YES;
				IPHONEOS_DEPLOYMENT_TARGET = 18.2;
				MACOSX_DEPLOYMENT_TARGET = 15.2;
				MARKETING_VERSION = 1.0;
				PRODUCT_BUNDLE_IDENTIFIER = "securityunion.videocall-demoTests";
				PRODUCT_NAME = "$(TARGET_NAME)";
				SDKROOT = auto;
				SUPPORTED_PLATFORMS = "iphoneos iphonesimulator macosx xros xrsimulator";
				SWIFT_EMIT_LOC_STRINGS = NO;
				SWIFT_VERSION = 5.0;
				TARGETED_DEVICE_FAMILY = "1,2,7";
				TEST_HOST = "$(BUILT_PRODUCTS_DIR)/videocall-demo.app/$(BUNDLE_EXECUTABLE_FOLDER_PATH)/videocall-demo";
				XROS_DEPLOYMENT_TARGET = 2.2;
			};
			name = Release;
		};
		06A776482D9B9F67008E1E95 /* Debug */ = {
			isa = XCBuildConfiguration;
			buildSettings = {
				CODE_SIGN_STYLE = Automatic;
				CURRENT_PROJECT_VERSION = 1;
				DEVELOPMENT_TEAM = J5A8XNQSV9;
				GENERATE_INFOPLIST_FILE = YES;
				IPHONEOS_DEPLOYMENT_TARGET = 18.2;
				MACOSX_DEPLOYMENT_TARGET = 15.2;
				MARKETING_VERSION = 1.0;
				PRODUCT_BUNDLE_IDENTIFIER = "securityunion.videocall-demoUITests";
				PRODUCT_NAME = "$(TARGET_NAME)";
				SDKROOT = auto;
				SUPPORTED_PLATFORMS = "iphoneos iphonesimulator macosx xros xrsimulator";
				SWIFT_EMIT_LOC_STRINGS = NO;
				SWIFT_VERSION = 5.0;
				TARGETED_DEVICE_FAMILY = "1,2,7";
				TEST_TARGET_NAME = "videocall-demo";
				XROS_DEPLOYMENT_TARGET = 2.2;
			};
			name = Debug;
		};
		06A776492D9B9F67008E1E95 /* Release */ = {
			isa = XCBuildConfiguration;
			buildSettings = {
				CODE_SIGN_STYLE = Automatic;
				CURRENT_PROJECT_VERSION = 1;
				DEVELOPMENT_TEAM = J5A8XNQSV9;
				GENERATE_INFOPLIST_FILE = YES;
				IPHONEOS_DEPLOYMENT_TARGET = 18.2;
				MACOSX_DEPLOYMENT_TARGET = 15.2;
				MARKETING_VERSION = 1.0;
				PRODUCT_BUNDLE_IDENTIFIER = "securityunion.videocall-demoUITests";
				PRODUCT_NAME = "$(TARGET_NAME)";
				SDKROOT = auto;
				SUPPORTED_PLATFORMS = "iphoneos iphonesimulator macosx xros xrsimulator";
				SWIFT_EMIT_LOC_STRINGS = NO;
				SWIFT_VERSION = 5.0;
				TARGETED_DEVICE_FAMILY = "1,2,7";
				TEST_TARGET_NAME = "videocall-demo";
				XROS_DEPLOYMENT_TARGET = 2.2;
			};
			name = Release;
		};
/* End XCBuildConfiguration section */

/* Begin XCConfigurationList section */
		06A776172D9B9F66008E1E95 /* Build configuration list for PBXProject "videocall-demo" */ = {
			isa = XCConfigurationList;
			buildConfigurations = (
				06A7763F2D9B9F67008E1E95 /* Debug */,
				06A776402D9B9F67008E1E95 /* Release */,
			);
			defaultConfigurationIsVisible = 0;
			defaultConfigurationName = Release;
		};
		06A776412D9B9F67008E1E95 /* Build configuration list for PBXNativeTarget "videocall-demo" */ = {
			isa = XCConfigurationList;
			buildConfigurations = (
				06A776422D9B9F67008E1E95 /* Debug */,
				06A776432D9B9F67008E1E95 /* Release */,
			);
			defaultConfigurationIsVisible = 0;
			defaultConfigurationName = Release;
		};
		06A776442D9B9F67008E1E95 /* Build configuration list for PBXNativeTarget "videocall-demoTests" */ = {
			isa = XCConfigurationList;
			buildConfigurations = (
				06A776452D9B9F67008E1E95 /* Debug */,
				06A776462D9B9F67008E1E95 /* Release */,
			);
			defaultConfigurationIsVisible = 0;
			defaultConfigurationName = Release;
		};
		06A776472D9B9F67008E1E95 /* Build configuration list for PBXNativeTarget "videocall-demoUITests" */ = {
			isa = XCConfigurationList;
			buildConfigurations = (
				06A776482D9B9F67008E1E95 /* Debug */,
				06A776492D9B9F67008E1E95 /* Release */,
			);
			defaultConfigurationIsVisible = 0;
			defaultConfigurationName = Release;
		};
/* End XCConfigurationList section */
	};
	rootObject = 06A776142D9B9F66008E1E95 /* Project object */;
}
